<?xml version="1.0" encoding="utf-8"?>
<Project ToolsVersion="4.0" xmlns="http://schemas.microsoft.com/developer/msbuild/2003">
  <ItemGroup>
    <Filter Include="Source Files">
      <UniqueIdentifier>{c5dcf123-b665-45ff-be04-0a97395cc2f2}</UniqueIdentifier>
      <Extensions>cpp;c;cxx;def;odl;idl;hpj;bat;asm</Extensions>
    </Filter>
    <Filter Include="Header Files">
      <UniqueIdentifier>{af8ff6ce-fc1e-42a6-9b9d-898761f51e09}</UniqueIdentifier>
      <Extensions>h;hpp;hxx;hm;inl;inc</Extensions>
    </Filter>
    <Filter Include="Resource Files">
      <UniqueIdentifier>{f42db003-be9f-418f-abd8-f80e4bcf0cf9}</UniqueIdentifier>
      <Extensions>rc;ico;cur;bmp;dlg;rc2;rct;bin;rgs;jpg;jpeg;jpe;manifest</Extensions>
    </Filter>
  </ItemGroup>
  <ItemGroup>
    <ClCompile Include="AddEntryDlg.cpp">
      <Filter>Source Files</Filter>
    </ClCompile>
    <ClCompile Include="AddVacationDlg.cpp">
      <Filter>Source Files</Filter>
    </ClCompile>
    <ClCompile Include="ChildFrm.cpp">
      <Filter>Source Files</Filter>
    </ClCompile>
    <ClCompile Include="ChooseNameDlg.cpp">
      <Filter>Source Files</Filter>
    </ClCompile>
    <ClCompile Include="DailyAssignmentsDlg.cpp">
      <Filter>Source Files</Filter>
    </ClCompile>
    <ClCompile Include="DailyOverview.cpp">
      <Filter>Source Files</Filter>
    </ClCompile>
    <ClCompile Include="Data.cpp">
      <Filter>Source Files</Filter>
    </ClCompile>
    <ClCompile Include="DateRange.cpp">
      <Filter>Source Files</Filter>
    </ClCompile>
    <ClCompile Include="DateRangeDlg.cpp">
      <Filter>Source Files</Filter>
    </ClCompile>
    <ClCompile Include="EditNameDlg.cpp">
      <Filter>Source Files</Filter>
    </ClCompile>
    <ClCompile Include="FixedSchedule.cpp">
      <Filter>Source Files</Filter>
    </ClCompile>
    <ClCompile Include="FixedScheduleDlg.cpp">
      <Filter>Source Files</Filter>
    </ClCompile>
    <ClCompile Include="StaticGrid\FTSGridCtrl.cpp">
      <Filter>Source Files</Filter>
    </ClCompile>
    <ClCompile Include="StaticGrid\FTSGridImpl.cpp">
      <Filter>Source Files</Filter>
    </ClCompile>
    <ClCompile Include="Functions.cpp">
      <Filter>Source Files</Filter>
    </ClCompile>
    <ClCompile Include="StaticGrid\GridCell.cpp">
      <Filter>Source Files</Filter>
    </ClCompile>
    <ClCompile Include="StaticGrid\GridCellBase.cpp">
      <Filter>Source Files</Filter>
    </ClCompile>
    <ClCompile Include="StaticGrid\GridCtrl.cpp">
      <Filter>Source Files</Filter>
    </ClCompile>
    <ClCompile Include="StaticGrid\GridDropTarget.cpp">
      <Filter>Source Files</Filter>
    </ClCompile>
    <ClCompile Include="GridHolder.cpp">
      <Filter>Source Files</Filter>
    </ClCompile>
    <ClCompile Include="StaticGrid\InPlaceEdit.cpp">
      <Filter>Source Files</Filter>
    </ClCompile>
    <ClCompile Include="LeadNurseView.cpp">
      <Filter>Source Files</Filter>
    </ClCompile>
    <ClCompile Include="LegendEditorDlg.cpp">
      <Filter>Source Files</Filter>
    </ClCompile>
    <ClCompile Include="MainFrm.cpp">
      <Filter>Source Files</Filter>
    </ClCompile>
    <ClCompile Include="MyException.cpp">
      <Filter>Source Files</Filter>
    </ClCompile>
    <ClCompile Include="Name.cpp">
      <Filter>Source Files</Filter>
    </ClCompile>
    <ClCompile Include="NameDlg.cpp">
      <Filter>Source Files</Filter>
    </ClCompile>
    <ClCompile Include="NeedsView.cpp">
      <Filter>Source Files</Filter>
    </ClCompile>
    <ClCompile Include="nurse.cpp">
      <Filter>Source Files</Filter>
    </ClCompile>
    <ClCompile Include="Period.cpp">
      <Filter>Source Files</Filter>
    </ClCompile>
    <ClCompile Include="Schedule.cpp">
      <Filter>Source Files</Filter>
    </ClCompile>
    <ClCompile Include="ScheduleAssignments.cpp">
      <Filter>Source Files</Filter>
    </ClCompile>
    <ClCompile Include="ScheduleDoc.cpp">
      <Filter>Source Files</Filter>
    </ClCompile>
    <ClCompile Include="ScheduleOverrideDlg.cpp">
      <Filter>Source Files</Filter>
    </ClCompile>
    <ClCompile Include="ScheduleSignup.cpp">
      <Filter>Source Files</Filter>
    </ClCompile>
    <ClCompile Include="ScheduleView.cpp">
      <Filter>Source Files</Filter>
    </ClCompile>
    <ClCompile Include="ScheduleViewEx.cpp">
      <Filter>Source Files</Filter>
    </ClCompile>
    <ClCompile Include="ShiftLegend.cpp">
      <Filter>Source Files</Filter>
    </ClCompile>
    <ClCompile Include="Shifts.cpp">
      <Filter>Source Files</Filter>
    </ClCompile>
    <ClCompile Include="ShiftsTemplateDlg.cpp">
      <Filter>Source Files</Filter>
    </ClCompile>
    <ClCompile Include="SignupShifts.cpp">
      <Filter>Source Files</Filter>
    </ClCompile>
    <ClCompile Include="SignupView.cpp">
      <Filter>Source Files</Filter>
    </ClCompile>
    <ClCompile Include="stdafx.cpp">
      <Filter>Source Files</Filter>
    </ClCompile>
    <ClCompile Include="StaticGrid\TitleTip.cpp">
      <Filter>Source Files</Filter>
    </ClCompile>
    <ClCompile Include="Updater.cpp">
      <Filter>Source Files</Filter>
    </ClCompile>
    <ClCompile Include="VacationTypeDlg.cpp">
      <Filter>Source Files</Filter>
    </ClCompile>
    <ClCompile Include="VacationTypes.cpp">
      <Filter>Source Files</Filter>
    </ClCompile>
    <ClCompile Include="Version.cpp">
      <Filter>Source Files</Filter>
    </ClCompile>
    <ClCompile Include="WeekName.cpp">
      <Filter>Source Files</Filter>
    </ClCompile>
    <ClCompile Include="WeekView.cpp">
      <Filter>Source Files</Filter>
    </ClCompile>
    <ClCompile Include="XMLNode.cpp">
      <Filter>Source Files</Filter>
    </ClCompile>
  </ItemGroup>
  <ItemGroup>
    <ClInclude Include="AddEntryDlg.h">
      <Filter>Header Files</Filter>
    </ClInclude>
    <ClInclude Include="AddVacationDlg.h">
      <Filter>Header Files</Filter>
    </ClInclude>
    <ClInclude Include="StaticGrid\CellRange.h">
      <Filter>Header Files</Filter>
    </ClInclude>
    <ClInclude Include="ChildFrm.h">
      <Filter>Header Files</Filter>
    </ClInclude>
    <ClInclude Include="ChooseNameDlg.h">
      <Filter>Header Files</Filter>
    </ClInclude>
    <ClInclude Include="DailyAssignmentsDlg.h">
      <Filter>Header Files</Filter>
    </ClInclude>
    <ClInclude Include="DailyOverview.h">
      <Filter>Header Files</Filter>
    </ClInclude>
    <ClInclude Include="Data.h">
      <Filter>Header Files</Filter>
    </ClInclude>
    <ClInclude Include="DateRange.h">
      <Filter>Header Files</Filter>
    </ClInclude>
    <ClInclude Include="DateRangeDlg.h">
      <Filter>Header Files</Filter>
    </ClInclude>
    <ClInclude Include="EditNameDlg.h">
      <Filter>Header Files</Filter>
    </ClInclude>
    <ClInclude Include="fixedSchedule.h">
      <Filter>Header Files</Filter>
    </ClInclude>
    <ClInclude Include="FixedScheduleDlg.h">
      <Filter>Header Files</Filter>
    </ClInclude>
    <ClInclude Include="StaticGrid\FTSGridCtrl.h">
      <Filter>Header Files</Filter>
    </ClInclude>
    <ClInclude Include="StaticGrid\FTSGridImpl.h">
      <Filter>Header Files</Filter>
    </ClInclude>
    <ClInclude Include="Functions.h">
      <Filter>Header Files</Filter>
    </ClInclude>
    <ClInclude Include="StaticGrid\GridCell.h">
      <Filter>Header Files</Filter>
    </ClInclude>
    <ClInclude Include="StaticGrid\GridCellBase.h">
      <Filter>Header Files</Filter>
    </ClInclude>
    <ClInclude Include="StaticGrid\GridCtrl.h">
      <Filter>Header Files</Filter>
    </ClInclude>
    <ClInclude Include="StaticGrid\GridData.h">
      <Filter>Header Files</Filter>
    </ClInclude>
    <ClInclude Include="StaticGrid\GridDropTarget.h">
      <Filter>Header Files</Filter>
    </ClInclude>
    <ClInclude Include="GridHolder.h">
      <Filter>Header Files</Filter>
    </ClInclude>
    <ClInclude Include="Helpers.h">
      <Filter>Header Files</Filter>
    </ClInclude>
    <ClInclude Include="StaticGrid\InPlaceEdit.h">
      <Filter>Header Files</Filter>
    </ClInclude>
    <ClInclude Include="LeadNurseView.h">
      <Filter>Header Files</Filter>
    </ClInclude>
    <ClInclude Include="LegendEditorDlg.h">
      <Filter>Header Files</Filter>
    </ClInclude>
    <ClInclude Include="MainFrm.h">
      <Filter>Header Files</Filter>
    </ClInclude>
    <ClInclude Include="StaticGrid\MemDC.h">
      <Filter>Header Files</Filter>
    </ClInclude>
    <ClInclude Include="MyException.h">
      <Filter>Header Files</Filter>
    </ClInclude>
    <ClInclude Include="Name.h">
      <Filter>Header Files</Filter>
    </ClInclude>
    <ClInclude Include="NameDlg.h">
      <Filter>Header Files</Filter>
    </ClInclude>
    <ClInclude Include="NeedsView.h">
      <Filter>Header Files</Filter>
    </ClInclude>
    <ClInclude Include="Nurse.h">
      <Filter>Header Files</Filter>
    </ClInclude>
    <ClInclude Include="Optional.h">
      <Filter>Header Files</Filter>
    </ClInclude>
    <ClInclude Include="Ordering.h">
      <Filter>Header Files</Filter>
    </ClInclude>
    <ClInclude Include="Period.h">
      <Filter>Header Files</Filter>
    </ClInclude>
    <ClInclude Include="polyptr.h">
      <Filter>Header Files</Filter>
    </ClInclude>
    <ClInclude Include="StaticGrid\Resource.h">
      <Filter>Header Files</Filter>
    </ClInclude>
    <ClInclude Include="Resource.h">
      <Filter>Header Files</Filter>
    </ClInclude>
    <ClInclude Include="Schedule.h">
      <Filter>Header Files</Filter>
    </ClInclude>
    <ClInclude Include="ScheduleAssignments.h">
      <Filter>Header Files</Filter>
    </ClInclude>
    <ClInclude Include="ScheduleDoc.h">
      <Filter>Header Files</Filter>
    </ClInclude>
    <ClInclude Include="ScheduleOverrideDlg.h">
      <Filter>Header Files</Filter>
    </ClInclude>
    <ClInclude Include="ScheduleSignup.h">
      <Filter>Header Files</Filter>
    </ClInclude>
    <ClInclude Include="ScheduleView.h">
      <Filter>Header Files</Filter>
    </ClInclude>
    <ClInclude Include="ScheduleViewEx.h">
      <Filter>Header Files</Filter>
    </ClInclude>
    <ClInclude Include="ShiftLegend.h">
      <Filter>Header Files</Filter>
    </ClInclude>
    <ClInclude Include="Shifts.h">
      <Filter>Header Files</Filter>
    </ClInclude>
    <ClInclude Include="ShiftsTemplateDlg.h">
      <Filter>Header Files</Filter>
    </ClInclude>
    <ClInclude Include="SignupShifts.h">
      <Filter>Header Files</Filter>
    </ClInclude>
    <ClInclude Include="SignupView.h">
      <Filter>Header Files</Filter>
    </ClInclude>
    <ClInclude Include="Statistics.h">
      <Filter>Header Files</Filter>
    </ClInclude>
    <ClInclude Include="stdafx.h">
      <Filter>Header Files</Filter>
    </ClInclude>
    <ClInclude Include="StaticGrid\StdAfx.h">
      <Filter>Header Files</Filter>
    </ClInclude>
    <ClInclude Include="StaticGrid\TitleTip.h">
      <Filter>Header Files</Filter>
    </ClInclude>
    <ClInclude Include="updater.h">
      <Filter>Header Files</Filter>
    </ClInclude>
    <ClInclude Include="VacationTypeDlg.h">
      <Filter>Header Files</Filter>
    </ClInclude>
    <ClInclude Include="VacationTypes.h">
      <Filter>Header Files</Filter>
    </ClInclude>
    <ClInclude Include="VectorHelper.h">
      <Filter>Header Files</Filter>
    </ClInclude>
    <ClInclude Include="version.h">
      <Filter>Header Files</Filter>
    </ClInclude>
    <ClInclude Include="WeekNames.h">
      <Filter>Header Files</Filter>
    </ClInclude>
    <ClInclude Include="WeekView.h">
      <Filter>Header Files</Filter>
    </ClInclude>
    <ClInclude Include="XMLNode.h">
      <Filter>Header Files</Filter>
    </ClInclude>
  </ItemGroup>
  <ItemGroup>
    <None Include="StaticGrid\Readme.txt">
      <Filter>Header Files</Filter>
    </None>
    <None Include="res\Schedule.ico">
      <Filter>Resource Files</Filter>
    </None>
    <None Include="res\Schedule.rc2">
      <Filter>Resource Files</Filter>
    </None>
    <None Include="res\ScheduleDoc.ico">
      <Filter>Resource Files</Filter>
    </None>
    <None Include="res\Toolbar.bmp">
      <Filter>Resource Files</Filter>
    </None>
    <None Include="ReadMe.txt" />
  </ItemGroup>
  <ItemGroup>
    <Manifest Include="res\Schedule.manifest">
      <Filter>Resource Files</Filter>
    </Manifest>
  </ItemGroup>
  <ItemGroup>
    <ResourceCompile Include="Schedule.rc">
      <Filter>Resource Files</Filter>
    </ResourceCompile>
  </ItemGroup>
</Project>